// !$*UTF8*$!
{
	archiveVersion = 1;
	classes = {
	};
	objectVersion = 46;
	objects = {

/* Begin PBXBuildFile section */
		97EFD9A01E4452DC00366905 /* AppDelegate.swift in Sources */ = {isa = PBXBuildFile; fileRef = 97EFD99F1E4452DC00366905 /* AppDelegate.swift */; };
		97EFD9A21E4452DC00366905 /* ViewController.swift in Sources */ = {isa = PBXBuildFile; fileRef = 97EFD9A11E4452DC00366905 /* ViewController.swift */; };
		97EFD9A51E4452DC00366905 /* Main.storyboard in Resources */ = {isa = PBXBuildFile; fileRef = 97EFD9A31E4452DC00366905 /* Main.storyboard */; };
		97EFD9A71E4452DC00366905 /* Assets.xcassets in Resources */ = {isa = PBXBuildFile; fileRef = 97EFD9A61E4452DC00366905 /* Assets.xcassets */; };
		97EFD9AA1E4452DC00366905 /* LaunchScreen.storyboard in Resources */ = {isa = PBXBuildFile; fileRef = 97EFD9A81E4452DC00366905 /* LaunchScreen.storyboard */; };
		97EFD9B21E4452F400366905 /* ZBDefaultMetal.metal in Sources */ = {isa = PBXBuildFile; fileRef = 97EFD9B11E4452F400366905 /* ZBDefaultMetal.metal */; };
		97EFD9B41E44531C00366905 /* ZBMetalView.swift in Sources */ = {isa = PBXBuildFile; fileRef = 97EFD9B31E44531C00366905 /* ZBMetalView.swift */; };
/* End PBXBuildFile section */

/* Begin PBXFileReference section */
		9780E7D91E4823330087A6CA /* MyPlayground.playground */ = {isa = PBXFileReference; lastKnownFileType = file.playground; path = MyPlayground.playground; sourceTree = "<group>"; };
		97EFD99C1E4452DC00366905 /* ZBMetal.app */ = {isa = PBXFileReference; explicitFileType = wrapper.application; includeInIndex = 0; path = ZBMetal.app; sourceTree = BUILT_PRODUCTS_DIR; };
		97EFD99F1E4452DC00366905 /* AppDelegate.swift */ = {isa = PBXFileReference; lastKnownFileType = sourcecode.swift; path = AppDelegate.swift; sourceTree = "<group>"; };
		97EFD9A11E4452DC00366905 /* ViewController.swift */ = {isa = PBXFileReference; lastKnownFileType = sourcecode.swift; path = ViewController.swift; sourceTree = "<group>"; };
		97EFD9A41E4452DC00366905 /* Base */ = {isa = PBXFileReference; lastKnownFileType = file.storyboard; name = Base; path = Base.lproj/Main.storyboard; sourceTree = "<group>"; };
		97EFD9A61E4452DC00366905 /* Assets.xcassets */ = {isa = PBXFileReference; lastKnownFileType = folder.assetcatalog; path = Assets.xcassets; sourceTree = "<group>"; };
		97EFD9A91E4452DC00366905 /* Base */ = {isa = PBXFileReference; lastKnownFileType = file.storyboard; name = Base; path = Base.lproj/LaunchScreen.storyboard; sourceTree = "<group>"; };
		97EFD9AB1E4452DC00366905 /* Info.plist */ = {isa = PBXFileReference; lastKnownFileType = text.plist.xml; path = Info.plist; sourceTree = "<group>"; };
		97EFD9B11E4452F400366905 /* ZBDefaultMetal.metal */ = {isa = PBXFileReference; fileEncoding = 4; lastKnownFileType = sourcecode.metal; path = ZBDefaultMetal.metal; sourceTree = "<group>"; };
		97EFD9B31E44531C00366905 /* ZBMetalView.swift */ = {isa = PBXFileReference; fileEncoding = 4; lastKnownFileType = sourcecode.swift; path = ZBMetalView.swift; sourceTree = "<group>"; };
/* End PBXFileReference section */

/* Begin PBXFrameworksBuildPhase section */
		97EFD9991E4452DC00366905 /* Frameworks */ = {
			isa = PBXFrameworksBuildPhase;
			buildActionMask = 2147483647;
			files = (
			);
			runOnlyForDeploymentPostprocessing = 0;
		};
/* End PBXFrameworksBuildPhase section */

/* Begin PBXGroup section */
		97EFD9931E4452DC00366905 = {
			isa = PBXGroup;
			children = (
				97EFD99E1E4452DC00366905 /* ZBMetal */,
				97EFD99D1E4452DC00366905 /* Products */,
			);
			sourceTree = "<group>";
		};
		97EFD99D1E4452DC00366905 /* Products */ = {
			isa = PBXGroup;
			children = (
				97EFD99C1E4452DC00366905 /* ZBMetal.app */,
			);
			name = Products;
			sourceTree = "<group>";
		};
		97EFD99E1E4452DC00366905 /* ZBMetal */ = {
			isa = PBXGroup;
			children = (
				97EFD99F1E4452DC00366905 /* AppDelegate.swift */,
				97EFD9A11E4452DC00366905 /* ViewController.swift */,
				97EFD9A31E4452DC00366905 /* Main.storyboard */,
				97EFD9A61E4452DC00366905 /* Assets.xcassets */,
				97EFD9A81E4452DC00366905 /* LaunchScreen.storyboard */,
				97EFD9AB1E4452DC00366905 /* Info.plist */,
				97EFD9B11E4452F400366905 /* ZBDefaultMetal.metal */,
				97EFD9B31E44531C00366905 /* ZBMetalView.swift */,
				9780E7D91E4823330087A6CA /* MyPlayground.playground */,
			);
			path = ZBMetal;
			sourceTree = "<group>";
		};
/* End PBXGroup section */

/* Begin PBXNativeTarget section */
		97EFD99B1E4452DC00366905 /* ZBMetal */ = {
			isa = PBXNativeTarget;
			buildConfigurationList = 97EFD9AE1E4452DC00366905 /* Build configuration list for PBXNativeTarget "ZBMetal" */;
			buildPhases = (
				97EFD9981E4452DC00366905 /* Sources */,
				97EFD9991E4452DC00366905 /* Frameworks */,
				97EFD99A1E4452DC00366905 /* Resources */,
			);
			buildRules = (
			);
			dependencies = (
			);
			name = ZBMetal;
			productName = ZBMetal;
			productReference = 97EFD99C1E4452DC00366905 /* ZBMetal.app */;
			productType = "com.apple.product-type.application";
		};
/* End PBXNativeTarget section */

/* Begin PBXProject section */
		97EFD9941E4452DC00366905 /* Project object */ = {
			isa = PBXProject;
			attributes = {
				LastSwiftUpdateCheck = 0820;
				LastUpgradeCheck = 0820;
				ORGANIZATIONNAME = zigbang;
				TargetAttributes = {
					97EFD99B1E4452DC00366905 = {
						CreatedOnToolsVersion = 8.2.1;
						DevelopmentTeam = 7AX2JZT3L8;
						ProvisioningStyle = Automatic;
					};
				};
			};
			buildConfigurationList = 97EFD9971E4452DC00366905 /* Build configuration list for PBXProject "ZBMetal" */;
			compatibilityVersion = "Xcode 3.2";
			developmentRegion = English;
			hasScannedForEncodings = 0;
			knownRegions = (
				en,
				Base,
			);
			mainGroup = 97EFD9931E4452DC00366905;
			productRefGroup = 97EFD99D1E4452DC00366905 /* Products */;
			projectDirPath = "";
			projectRoot = "";
			targets = (
				97EFD99B1E4452DC00366905 /* ZBMetal */,
			);
		};
/* End PBXProject section */

/* Begin PBXResourcesBuildPhase section */
		97EFD99A1E4452DC00366905 /* Resources */ = {
			isa = PBXResourcesBuildPhase;
			buildActionMask = 2147483647;
			files = (
				97EFD9AA1E4452DC00366905 /* LaunchScreen.storyboard in Resources */,
				97EFD9A71E4452DC00366905 /* Assets.xcassets in Resources */,
				97EFD9A51E4452DC00366905 /* Main.storyboard in Resources */,
			);
			runOnlyForDeploymentPostprocessing = 0;
		};
/* End PBXResourcesBuildPhase section */

/* Begin PBXSourcesBuildPhase section */
		97EFD9981E4452DC00366905 /* Sources */ = {
			isa = PBXSourcesBuildPhase;
			buildActionMask = 2147483647;
			files = (
				97EFD9B21E4452F400366905 /* ZBDefaultMetal.metal in Sources */,
				97EFD9A21E4452DC00366905 /* ViewController.swift in Sources */,
				97EFD9B41E44531C00366905 /* ZBMetalView.swift in Sources */,
				97EFD9A01E4452DC00366905 /* AppDelegate.swift in Sources */,
			);
			runOnlyForDeploymentPostprocessing = 0;
		};
/* End PBXSourcesBuildPhase section */

/* Begin PBXVariantGroup section */
		97EFD9A31E4452DC00366905 /* Main.storyboard */ = {
			isa = PBXVariantGroup;
			children = (
				97EFD9A41E4452DC00366905 /* Base */,
			);
			name = Main.storyboard;
			sourceTree = "<group>";
		};
		97EFD9A81E4452DC00366905 /* LaunchScreen.storyboard */ = {
			isa = PBXVariantGroup;
			children = (
				97EFD9A91E4452DC00366905 /* Base */,
			);
			name = LaunchScreen.storyboard;
			sourceTree = "<group>";
		};
/* End PBXVariantGroup section */

/* Begin XCBuildConfiguration section */
		97EFD9AC1E4452DC00366905 /* Debug */ = {
			isa = XCBuildConfiguration;
			buildSettings = {
				ALWAYS_SEARCH_USER_PATHS = NO;
				CLANG_ANALYZER_NONNULL = YES;
				CLANG_CXX_LANGUAGE_STANDARD = "gnu++0x";
				CLANG_CXX_LIBRARY = "libc++";
				CLANG_ENABLE_MODULES = YES;
				CLANG_ENABLE_OBJC_ARC = YES;
				CLANG_WARN_BOOL_CONVERSION = YES;
				CLANG_WARN_CONSTANT_CONVERSION = YES;
				CLANG_WARN_DIRECT_OBJC_ISA_USAGE = YES_ERROR;
				CLANG_WARN_DOCUMENTATION_COMMENTS = YES;
				CLANG_WARN_EMPTY_BODY = YES;
				CLANG_WARN_ENUM_CONVERSION = YES;
				CLANG_WARN_INFINITE_RECURSION = YES;
				CLANG_WARN_INT_CONVERSION = YES;
				CLANG_WARN_OBJC_ROOT_CLASS = YES_ERROR;
				CLANG_WARN_SUSPICIOUS_MOVE = YES;
				CLANG_WARN_UNREACHABLE_CODE = YES;
				CLANG_WARN__DUPLICATE_METHOD_MATCH = YES;
				"CODE_SIGN_IDENTITY[sdk=iphoneos*]" = "iPhone Developer";
				COPY_PHASE_STRIP = NO;
				DEBUG_INFORMATION_FORMAT = dwarf;
				ENABLE_STRICT_OBJC_MSGSEND = YES;
				ENABLE_TESTABILITY = YES;
				GCC_C_LANGUAGE_STANDARD = gnu99;
				GCC_DYNAMIC_NO_PIC = NO;
				GCC_NO_COMMON_BLOCKS = YES;
				GCC_OPTIMIZATION_LEVEL = 0;
				GCC_PREPROCESSOR_DEFINITIONS = (
					"DEBUG=1",
					"$(inherited)",
				);
				GCC_WARN_64_TO_32_BIT_CONVERSION = YES;
				GCC_WARN_ABOUT_RETURN_TYPE = YES_ERROR;
				GCC_WARN_UNDECLARED_SELECTOR = YES;
				GCC_WARN_UNINITIALIZED_AUTOS = YES_AGGRESSIVE;
				GCC_WARN_UNUSED_FUNCTION = YES;
				GCC_WARN_UNUSED_VARIABLE = YES;
				IPHONEOS_DEPLOYMENT_TARGET = 10.2;
				MTL_ENABLE_DEBUG_INFO = YES;
				ONLY_ACTIVE_ARCH = YES;
				SDKROOT = iphoneos;
				SWIFT_ACTIVE_COMPILATION_CONDITIONS = DEBUG;
				SWIFT_OPTIMIZATION_LEVEL = "-Onone";
			};
			name = Debug;
		};
		97EFD9AD1E4452DC00366905 /* Release */ = {
			isa = XCBuildConfiguration;
			buildSettings = {
				ALWAYS_SEARCH_USER_PATHS = NO;
				CLANG_ANALYZER_NONNULL = YES;
				CLANG_CXX_LANGUAGE_STANDARD = "gnu++0x";
				CLANG_CXX_LIBRARY = "libc++";
				CLANG_ENABLE_MODULES = YES;
				CLANG_ENABLE_OBJC_ARC = YES;
				CLANG_WARN_BOOL_CONVERSION = YES;
				CLANG_WARN_CONSTANT_CONVERSION = YES;
				CLANG_WARN_DIRECT_OBJC_ISA_USAGE = YES_ERROR;
				CLANG_WARN_DOCUMENTATION_COMMENTS = YES;
				CLANG_WARN_EMPTY_BODY = YES;
				CLANG_WARN_ENUM_CONVERSION = YES;
				CLANG_WARN_INFINITE_RECURSION = YES;
				CLANG_WARN_INT_CONVERSION = YES;
				CLANG_WARN_OBJC_ROOT_CLASS = YES_ERROR;
				CLANG_WARN_SUSPICIOUS_MOVE = YES;
				CLANG_WARN_UNREACHABLE_CODE = YES;
				CLANG_WARN__DUPLICATE_METHOD_MATCH = YES;
				"CODE_SIGN_IDENTITY[sdk=iphoneos*]" = "iPhone Developer";
				COPY_PHASE_STRIP = NO;
				DEBUG_INFORMATION_FORMAT = "dwarf-with-dsym";
				ENABLE_NS_ASSERTIONS = NO;
				ENABLE_STRICT_OBJC_MSGSEND = YES;
				GCC_C_LANGUAGE_STANDARD = gnu99;
				GCC_NO_COMMON_BLOCKS = YES;
				GCC_WARN_64_TO_32_BIT_CONVERSION = YES;
				GCC_WARN_ABOUT_RETURN_TYPE = YES_ERROR;
				GCC_WARN_UNDECLARED_SELECTOR = YES;
				GCC_WARN_UNINITIALIZED_AUTOS = YES_AGGRESSIVE;
				GCC_WARN_UNUSED_FUNCTION = YES;
				GCC_WARN_UNUSED_VARIABLE = YES;
				IPHONEOS_DEPLOYMENT_TARGET = 10.2;
				MTL_ENABLE_DEBUG_INFO = NO;
				SDKROOT = iphoneos;
				SWIFT_OPTIMIZATION_LEVEL = "-Owholemodule";
				VALIDATE_PRODUCT = YES;
			};
			name = Release;
		};
		97EFD9AF1E4452DC00366905 /* Debug */ = {
			isa = XCBuildConfiguration;
			buildSettings = {
				ASSETCATALOG_COMPILER_APPICON_NAME = AppIcon;
				DEVELOPMENT_TEAM = 7AX2JZT3L8;
				INFOPLIST_FILE = ZBMetal/Info.plist;
				LD_RUNPATH_SEARCH_PATHS = "$(inherited) @executable_path/Frameworks";
				PRODUCT_BUNDLE_IDENTIFIER = com.zigbang.ZBMetal;
				PRODUCT_NAME = "$(TARGET_NAME)";
				SWIFT_VERSION = 3.0;
			};
			name = Debug;
		};
		97EFD9B01E4452DC00366905 /* Release */ = {
			isa = XCBuildConfiguration;
			buildSettings = {
				ASSETCATALOG_COMPILER_APPICON_NAME = AppIcon;
				DEVELOPMENT_TEAM = 7AX2JZT3L8;
				INFOPLIST_FILE = ZBMetal/Info.plist;
				LD_RUNPATH_SEARCH_PATHS = "$(inherited) @executable_path/Frameworks";
				PRODUCT_BUNDLE_IDENTIFIER = com.zigbang.ZBMetal;
				PRODUCT_NAME = "$(TARGET_NAME)";
				SWIFT_VERSION = 3.0;
			};
			name = Release;
		};
/* End XCBuildConfiguration section */

/* Begin XCConfigurationList section */
		97EFD9971E4452DC00366905 /* Build configuration list for PBXProject "ZBMetal" */ = {
			isa = XCConfigurationList;
			buildConfigurations = (
				97EFD9AC1E4452DC00366905 /* Debug */,
				97EFD9AD1E4452DC00366905 /* Release */,
			);
			defaultConfigurationIsVisible = 0;
			defaultConfigurationName = Release;
		};
		97EFD9AE1E4452DC00366905 /* Build configuration list for PBXNativeTarget "ZBMetal" */ = {
			isa = XCConfigurationList;
			buildConfigurations = (
				97EFD9AF1E4452DC00366905 /* Debug */,
				97EFD9B01E4452DC00366905 /* Release */,
			);
			defaultConfigurationIsVisible = 0;
			defaultConfigurationName = Release;
		};
/* End XCConfigurationList section */
	};
	rootObject = 97EFD9941E4452DC00366905 /* Project object */;
}
